
Microsoft Visual Studio Solution File, Format Version 12.00
# Visual Studio 15
VisualStudioVersion = 15.0.27703.2042
MinimumVisualStudioVersion = 10.0.40219.1
Project("{FAE04EC0-301F-11D3-BF4B-00C04F79EFBC}") = "MvcMovie", "MvcMovie\MvcMovie.csproj", "{DC7E676E-A63F-4FFB-B9C4-0DE4E081B5D8}"
EndProject
Global
	GlobalSection(SolutionConfigurationPlatforms) = preSolution
		Debug|Any CPU = Debug|Any CPU
		Release|Any CPU = Release|Any CPU
	EndGlobalSection
	GlobalSection(ProjectConfigurationPlatforms) = postSolution
		{DC7E676E-A63F-4FFB-B9C4-0DE4E081B5D8}.Debug|Any CPU.ActiveCfg = Debug|Any CPU
		{DC7E676E-A63F-4FFB-B9C4-0DE4E081B5D8}.Debug|Any CPU.Build.0 = Debug|Any CPU
		{DC7E676E-A63F-4FFB-B9C4-0DE4E081B5D8}.Release|Any CPU.ActiveCfg = Release|Any CPU
		{DC7E676E-A63F-4FFB-B9C4-0DE4E081B5D8}.Release|Any CPU.Build.0 = Release|Any CPU
	EndGlobalSection
	GlobalSection(SolutionProperties) = preSolution
		HideSolutionNode = FALSE
	EndGlobalSection
	GlobalSection(ExtensibilityGlobals) = postSolution
		SolutionGuid = {80FE550E-54E2-4FF6-93CC-0B26D0B90498}
	EndGlobalSection
EndGlobal
